
Microsoft Visual Studio Solution File, Format Version 12.00
# Visual Studio Version 16
VisualStudioVersion = 16.0.29509.3
MinimumVisualStudioVersion = 10.0.40219.1
Project("{FAE04EC0-301F-11D3-BF4B-00C04F79EFBC}") = "NET.W.2019.Shevchenko.06", "NET.W.2019.Shevchenko.06\NET.W.2019.Shevchenko.06.csproj", "{CE1ED1E4-4667-4D7B-B241-B210127CC35C}"
EndProject
Project("{FAE04EC0-301F-11D3-BF4B-00C04F79EFBC}") = "NET.W.2019.Shevchenko.06.Tests", "NET.W.2019.Shevchenko.06.Tests\NET.W.2019.Shevchenko.06.Tests.csproj", "{1C79260F-C5E2-4B64-A581-89ADFCC3934E}"
EndProject
Global
	GlobalSection(SolutionConfigurationPlatforms) = preSolution
		Debug|Any CPU = Debug|Any CPU
		Release|Any CPU = Release|Any CPU
	EndGlobalSection
	GlobalSection(ProjectConfigurationPlatforms) = postSolution
		{CE1ED1E4-4667-4D7B-B241-B210127CC35C}.Debug|Any CPU.ActiveCfg = Debug|Any CPU
		{CE1ED1E4-4667-4D7B-B241-B210127CC35C}.Debug|Any CPU.Build.0 = Debug|Any CPU
		{CE1ED1E4-4667-4D7B-B241-B210127CC35C}.Release|Any CPU.ActiveCfg = Release|Any CPU
		{CE1ED1E4-4667-4D7B-B241-B210127CC35C}.Release|Any CPU.Build.0 = Release|Any CPU
		{1C79260F-C5E2-4B64-A581-89ADFCC3934E}.Debug|Any CPU.ActiveCfg = Debug|Any CPU
		{1C79260F-C5E2-4B64-A581-89ADFCC3934E}.Debug|Any CPU.Build.0 = Debug|Any CPU
		{1C79260F-C5E2-4B64-A581-89ADFCC3934E}.Release|Any CPU.ActiveCfg = Release|Any CPU
		{1C79260F-C5E2-4B64-A581-89ADFCC3934E}.Release|Any CPU.Build.0 = Release|Any CPU
	EndGlobalSection
	GlobalSection(SolutionProperties) = preSolution
		HideSolutionNode = FALSE
	EndGlobalSection
	GlobalSection(ExtensibilityGlobals) = postSolution
		SolutionGuid = {8A791635-A43F-4B5F-A614-76A9D82A1E29}
	EndGlobalSection
EndGlobal
